Microsoft Visual Studio Solution File, Format Version 12.00
# Visual Studio Version 17
VisualStudioVersion = 17.14.36301.6
MinimumVisualStudioVersion = 10.0.40219.1
Project("{FAE04EC0-301F-11D3-BF4B-00C04F79EFBC}") = "Runic.CIL.FromAST", "src\Runic.CIL.FromAST.csproj", "{27EAF441-B982-49E4-B282-AA9D8E7F71BE}"
EndProject
Project("{2150E333-8FDC-42A3-9474-1A3956D46DE8}") = "Build", "Build", "{02EA681E-C7D8-13C7-8484-4AC65E1B71E8}"
EndProject
Project("{2150E333-8FDC-42A3-9474-1A3956D46DE8}") = "Net48", "Net48", "{E375E13B-9291-47F0-884A-3D84DA073A60}"
EndProject
Project("{2150E333-8FDC-42A3-9474-1A3956D46DE8}") = "Net6", "Net6", "{B4788F6A-EFCD-4FD8-AE4F-B61A42CFDD6F}"
EndProject
Project("{2150E333-8FDC-42A3-9474-1A3956D46DE8}") = "Net8", "Net8", "{05F834C3-F641-41E8-8D95-9A24548C38A2}"
EndProject
Project("{FAE04EC0-301F-11D3-BF4B-00C04F79EFBC}") = "Runic.CIL.FromAST.Net48", "build\net48\Runic.CIL.FromAST.Net48.csproj", "{E8C65FAA-9E74-4E92-AF1E-3A9F866C886B}"
EndProject
Project("{FAE04EC0-301F-11D3-BF4B-00C04F79EFBC}") = "Runic.CIL.FromAST.Net8", "build\net8\Runic.CIL.FromAST.Net8.csproj", "{7C10AEA2-A832-4C52-A590-46651FBC1F63}"
EndProject
Project("{FAE04EC0-301F-11D3-BF4B-00C04F79EFBC}") = "Runic.CIL.FromAST.Net6", "build\net6\Runic.CIL.FromAST.Net6.csproj", "{38A9E76E-3B8A-46FC-B710-653AAAD562BA}"
EndProject
Project("{2150E333-8FDC-42A3-9474-1A3956D46DE8}") = "Nuget", "Nuget", "{0AA18D71-2C6A-446A-96F8-D9335DBF32BA}"
EndProject
Project("{FAE04EC0-301F-11D3-BF4B-00C04F79EFBC}") = "Runic.CIL.FromAST.Nuget", "build\nuget\Runic.CIL.FromAST.Nuget.csproj", "{B164E5FC-254F-4BE6-901A-30AF943592D9}"
	ProjectSection(ProjectDependencies) = postProject
		{E8C65FAA-9E74-4E92-AF1E-3A9F866C886B} = {E8C65FAA-9E74-4E92-AF1E-3A9F866C886B}
		{38A9E76E-3B8A-46FC-B710-653AAAD562BA} = {38A9E76E-3B8A-46FC-B710-653AAAD562BA}
		{7C10AEA2-A832-4C52-A590-46651FBC1F63} = {7C10AEA2-A832-4C52-A590-46651FBC1F63}
	EndProjectSection
EndProject
Global
	GlobalSection(SolutionConfigurationPlatforms) = preSolution
		Debug|Any CPU = Debug|Any CPU
		Release|Any CPU = Release|Any CPU
	EndGlobalSection
	GlobalSection(ProjectConfigurationPlatforms) = postSolution
		{27EAF441-B982-49E4-B282-AA9D8E7F71BE}.Debug|Any CPU.ActiveCfg = Debug|Any CPU
		{27EAF441-B982-49E4-B282-AA9D8E7F71BE}.Debug|Any CPU.Build.0 = Debug|Any CPU
		{27EAF441-B982-49E4-B282-AA9D8E7F71BE}.Release|Any CPU.ActiveCfg = Release|Any CPU
		{27EAF441-B982-49E4-B282-AA9D8E7F71BE}.Release|Any CPU.Build.0 = Release|Any CPU
		{E8C65FAA-9E74-4E92-AF1E-3A9F866C886B}.Debug|Any CPU.ActiveCfg = Debug|Any CPU
		{E8C65FAA-9E74-4E92-AF1E-3A9F866C886B}.Debug|Any CPU.Build.0 = Debug|Any CPU
		{E8C65FAA-9E74-4E92-AF1E-3A9F866C886B}.Release|Any CPU.ActiveCfg = Release|Any CPU
		{E8C65FAA-9E74-4E92-AF1E-3A9F866C886B}.Release|Any CPU.Build.0 = Release|Any CPU
		{7C10AEA2-A832-4C52-A590-46651FBC1F63}.Debug|Any CPU.ActiveCfg = Debug|Any CPU
		{7C10AEA2-A832-4C52-A590-46651FBC1F63}.Debug|Any CPU.Build.0 = Debug|Any CPU
		{7C10AEA2-A832-4C52-A590-46651FBC1F63}.Release|Any CPU.ActiveCfg = Release|Any CPU
		{7C10AEA2-A832-4C52-A590-46651FBC1F63}.Release|Any CPU.Build.0 = Release|Any CPU
		{38A9E76E-3B8A-46FC-B710-653AAAD562BA}.Debug|Any CPU.ActiveCfg = Debug|Any CPU
		{38A9E76E-3B8A-46FC-B710-653AAAD562BA}.Debug|Any CPU.Build.0 = Debug|Any CPU
		{38A9E76E-3B8A-46FC-B710-653AAAD562BA}.Release|Any CPU.ActiveCfg = Release|Any CPU
		{38A9E76E-3B8A-46FC-B710-653AAAD562BA}.Release|Any CPU.Build.0 = Release|Any CPU
		{B164E5FC-254F-4BE6-901A-30AF943592D9}.Debug|Any CPU.ActiveCfg = Debug|Any CPU
		{B164E5FC-254F-4BE6-901A-30AF943592D9}.Debug|Any CPU.Build.0 = Debug|Any CPU
		{B164E5FC-254F-4BE6-901A-30AF943592D9}.Release|Any CPU.ActiveCfg = Release|Any CPU
		{B164E5FC-254F-4BE6-901A-30AF943592D9}.Release|Any CPU.Build.0 = Release|Any CPU
	EndGlobalSection
	GlobalSection(SolutionProperties) = preSolution
		HideSolutionNode = FALSE
	EndGlobalSection
	GlobalSection(NestedProjects) = preSolution
		{E375E13B-9291-47F0-884A-3D84DA073A60} = {02EA681E-C7D8-13C7-8484-4AC65E1B71E8}
		{B4788F6A-EFCD-4FD8-AE4F-B61A42CFDD6F} = {02EA681E-C7D8-13C7-8484-4AC65E1B71E8}
		{05F834C3-F641-41E8-8D95-9A24548C38A2} = {02EA681E-C7D8-13C7-8484-4AC65E1B71E8}
		{E8C65FAA-9E74-4E92-AF1E-3A9F866C886B} = {E375E13B-9291-47F0-884A-3D84DA073A60}
		{7C10AEA2-A832-4C52-A590-46651FBC1F63} = {05F834C3-F641-41E8-8D95-9A24548C38A2}
		{38A9E76E-3B8A-46FC-B710-653AAAD562BA} = {B4788F6A-EFCD-4FD8-AE4F-B61A42CFDD6F}
		{0AA18D71-2C6A-446A-96F8-D9335DBF32BA} = {02EA681E-C7D8-13C7-8484-4AC65E1B71E8}
		{B164E5FC-254F-4BE6-901A-30AF943592D9} = {0AA18D71-2C6A-446A-96F8-D9335DBF32BA}
	EndGlobalSection
	GlobalSection(ExtensibilityGlobals) = postSolution
		SolutionGuid = {330E4302-A9AA-42A8-8811-E37356B21BD2}
	EndGlobalSection
EndGlobal
